
Microsoft Visual Studio Solution File, Format Version 12.00
# Visual Studio Version 17
VisualStudioVersion = 17.0.31912.275
MinimumVisualStudioVersion = 10.0.40219.1
Project("{FAE04EC0-301F-11D3-BF4B-00C04F79EFBC}") = "Fabrica", "Fabrica\Fabrica.csproj", "{C74A973A-DAE2-4B4B-8096-EB3AA2B39714}"
EndProject
Global
	GlobalSection(SolutionConfigurationPlatforms) = preSolution
		Debug|Any CPU = Debug|Any CPU
		Release|Any CPU = Release|Any CPU
	EndGlobalSection
	GlobalSection(ProjectConfigurationPlatforms) = postSolution
		{C74A973A-DAE2-4B4B-8096-EB3AA2B39714}.Debug|Any CPU.ActiveCfg = Debug|Any CPU
		{C74A973A-DAE2-4B4B-8096-EB3AA2B39714}.Debug|Any CPU.Build.0 = Debug|Any CPU
		{C74A973A-DAE2-4B4B-8096-EB3AA2B39714}.Release|Any CPU.ActiveCfg = Release|Any CPU
		{C74A973A-DAE2-4B4B-8096-EB3AA2B39714}.Release|Any CPU.Build.0 = Release|Any CPU
	EndGlobalSection
	GlobalSection(SolutionProperties) = preSolution
		HideSolutionNode = FALSE
	EndGlobalSection
	GlobalSection(ExtensibilityGlobals) = postSolution
		SolutionGuid = {EF25C6AB-C022-4A83-AAF0-FACD87430010}
	EndGlobalSection
EndGlobal
